// !$*UTF8*$!
{
	archiveVersion = 1;
	classes = {
	};
	objectVersion = 56;
	objects = {

/* Begin PBXBuildFile section */
		B042714E2AAB8D8C0071F8BD /* AppDelegate.swift in Sources */ = {isa = PBXBuildFile; fileRef = B042714D2AAB8D8C0071F8BD /* AppDelegate.swift */; };
		B04271502AAB8D8C0071F8BD /* SceneDelegate.swift in Sources */ = {isa = PBXBuildFile; fileRef = B042714F2AAB8D8C0071F8BD /* SceneDelegate.swift */; };
		B04271552AAB8D8C0071F8BD /* Main.storyboard in Resources */ = {isa = PBXBuildFile; fileRef = B04271532AAB8D8C0071F8BD /* Main.storyboard */; };
		B04271572AAB8D8D0071F8BD /* Assets.xcassets in Resources */ = {isa = PBXBuildFile; fileRef = B04271562AAB8D8D0071F8BD /* Assets.xcassets */; };
		B042715A2AAB8D8D0071F8BD /* LaunchScreen.storyboard in Resources */ = {isa = PBXBuildFile; fileRef = B04271582AAB8D8D0071F8BD /* LaunchScreen.storyboard */; };
		B04271652AAB8D8E0071F8BD /* BostaTask_iOSTests.swift in Sources */ = {isa = PBXBuildFile; fileRef = B04271642AAB8D8E0071F8BD /* BostaTask_iOSTests.swift */; };
		B042716F2AAB8D8E0071F8BD /* BostaTask_iOSUITests.swift in Sources */ = {isa = PBXBuildFile; fileRef = B042716E2AAB8D8E0071F8BD /* BostaTask_iOSUITests.swift */; };
		B04271712AAB8D8E0071F8BD /* BostaTask_iOSUITestsLaunchTests.swift in Sources */ = {isa = PBXBuildFile; fileRef = B04271702AAB8D8E0071F8BD /* BostaTask_iOSUITestsLaunchTests.swift */; };
		B04271A62AAB90B00071F8BD /* ProfileViewModel.swift in Sources */ = {isa = PBXBuildFile; fileRef = B04271852AAB90B00071F8BD /* ProfileViewModel.swift */; };
		B04271A72AAB90B00071F8BD /* ProfileProtocols.swift in Sources */ = {isa = PBXBuildFile; fileRef = B04271872AAB90B00071F8BD /* ProfileProtocols.swift */; };
		B04271A82AAB90B00071F8BD /* ProfileViewController.swift in Sources */ = {isa = PBXBuildFile; fileRef = B04271892AAB90B00071F8BD /* ProfileViewController.swift */; };
		B04271A92AAB90B00071F8BD /* UserAlbumCell.swift in Sources */ = {isa = PBXBuildFile; fileRef = B042718B2AAB90B00071F8BD /* UserAlbumCell.swift */; };
		B04271AA2AAB90B00071F8BD /* UserAlbumCell.xib in Resources */ = {isa = PBXBuildFile; fileRef = B042718C2AAB90B00071F8BD /* UserAlbumCell.xib */; };
		B04271AB2AAB90B00071F8BD /* ProfileViewController.xib in Resources */ = {isa = PBXBuildFile; fileRef = B042718D2AAB90B00071F8BD /* ProfileViewController.xib */; };
		B04271AC2AAB90B00071F8BD /* AlbumPhotosViewController.swift in Sources */ = {isa = PBXBuildFile; fileRef = B042718F2AAB90B00071F8BD /* AlbumPhotosViewController.swift */; };
		B04271AD2AAB90B00071F8BD /* AlbumPhotosViewController.xib in Resources */ = {isa = PBXBuildFile; fileRef = B04271902AAB90B00071F8BD /* AlbumPhotosViewController.xib */; };
		B04271AE2AAB90B00071F8BD /* UsersRemoteDataManager.swift in Sources */ = {isa = PBXBuildFile; fileRef = B04271942AAB90B00071F8BD /* UsersRemoteDataManager.swift */; };
		B04271AF2AAB90B00071F8BD /* UsersEndPoint.swift in Sources */ = {isa = PBXBuildFile; fileRef = B04271952AAB90B00071F8BD /* UsersEndPoint.swift */; };
		B04271B02AAB90B00071F8BD /* UsersRemoteDataManagerProtocol.swift in Sources */ = {isa = PBXBuildFile; fileRef = B04271962AAB90B00071F8BD /* UsersRemoteDataManagerProtocol.swift */; };
		B04271B12AAB90B00071F8BD /* UserAlbumsRemoteDataManager.swift in Sources */ = {isa = PBXBuildFile; fileRef = B04271982AAB90B00071F8BD /* UserAlbumsRemoteDataManager.swift */; };
		B04271B22AAB90B00071F8BD /* UserAlbumsEndPoint.swift in Sources */ = {isa = PBXBuildFile; fileRef = B04271992AAB90B00071F8BD /* UserAlbumsEndPoint.swift */; };
		B04271B32AAB90B00071F8BD /* UserAlbumsRemoteDataManagerProtocol.swift in Sources */ = {isa = PBXBuildFile; fileRef = B042719A2AAB90B00071F8BD /* UserAlbumsRemoteDataManagerProtocol.swift */; };
		B04271B42AAB90B00071F8BD /* AlbumPhotosRemoteDataManagerProtocol.swift in Sources */ = {isa = PBXBuildFile; fileRef = B042719C2AAB90B00071F8BD /* AlbumPhotosRemoteDataManagerProtocol.swift */; };
		B04271B52AAB90B00071F8BD /* AlbumPhotosEndPoint.swift in Sources */ = {isa = PBXBuildFile; fileRef = B042719D2AAB90B00071F8BD /* AlbumPhotosEndPoint.swift */; };
		B04271B62AAB90B00071F8BD /* AlbumPhotosRemoteDataManager.swift in Sources */ = {isa = PBXBuildFile; fileRef = B042719E2AAB90B00071F8BD /* AlbumPhotosRemoteDataManager.swift */; };
		B04271B72AAB90B00071F8BD /* UIViewController+Extensions.swift in Sources */ = {isa = PBXBuildFile; fileRef = B04271A32AAB90B00071F8BD /* UIViewController+Extensions.swift */; };
		B04271B82AAB90B00071F8BD /* UITableView+Extenstions.swift in Sources */ = {isa = PBXBuildFile; fileRef = B04271A52AAB90B00071F8BD /* UITableView+Extenstions.swift */; };
		B04271BB2AAB90FA0071F8BD /* Moya in Frameworks */ = {isa = PBXBuildFile; productRef = B04271BA2AAB90FA0071F8BD /* Moya */; };
		B04271BD2AAB90FA0071F8BD /* RxMoya in Frameworks */ = {isa = PBXBuildFile; productRef = B04271BC2AAB90FA0071F8BD /* RxMoya */; };
		B04271C02AAB911C0071F8BD /* RxCocoa in Frameworks */ = {isa = PBXBuildFile; productRef = B04271BF2AAB911C0071F8BD /* RxCocoa */; };
		B04271C22AAB911C0071F8BD /* RxSwift in Frameworks */ = {isa = PBXBuildFile; productRef = B04271C12AAB911C0071F8BD /* RxSwift */; };
		B04271C52AAB915A0071F8BD /* RxDataSources in Frameworks */ = {isa = PBXBuildFile; productRef = B04271C42AAB915A0071F8BD /* RxDataSources */; };
		B04271CA2AAB917A0071F8BD /* APIService.swift in Sources */ = {isa = PBXBuildFile; fileRef = B04271C82AAB917A0071F8BD /* APIService.swift */; };
		B04271CB2AAB917A0071F8BD /* BaseURLProtocol.swift in Sources */ = {isa = PBXBuildFile; fileRef = B04271C92AAB917A0071F8BD /* BaseURLProtocol.swift */; };
		B04271D22AAB91A10071F8BD /* AlbumPhoto.swift in Sources */ = {isa = PBXBuildFile; fileRef = B04271CE2AAB91A10071F8BD /* AlbumPhoto.swift */; };
		B04271D32AAB91A10071F8BD /* User.swift in Sources */ = {isa = PBXBuildFile; fileRef = B04271CF2AAB91A10071F8BD /* User.swift */; };
		B04271D42AAB91A10071F8BD /* UserAlbum.swift in Sources */ = {isa = PBXBuildFile; fileRef = B04271D02AAB91A10071F8BD /* UserAlbum.swift */; };
		B04271D52AAB91A10071F8BD /* Adrress.swift in Sources */ = {isa = PBXBuildFile; fileRef = B04271D12AAB91A10071F8BD /* Adrress.swift */; };
		B04271DF2AABA15C0071F8BD /* MBProgressHUD in Frameworks */ = {isa = PBXBuildFile; productRef = B04271DE2AABA15C0071F8BD /* MBProgressHUD */; };
		B04271E32AABC3B20071F8BD /* AlbumPhotosViewModel.swift in Sources */ = {isa = PBXBuildFile; fileRef = B04271E22AABC3B20071F8BD /* AlbumPhotosViewModel.swift */; };
		B04271E62AABC3E30071F8BD /* AlbumPhotosProtocols.swift in Sources */ = {isa = PBXBuildFile; fileRef = B04271E52AABC3E30071F8BD /* AlbumPhotosProtocols.swift */; };
		B04271E92AABC7910071F8BD /* Kingfisher in Frameworks */ = {isa = PBXBuildFile; productRef = B04271E82AABC7910071F8BD /* Kingfisher */; };
		B04271ED2AABCA6E0071F8BD /* AlbumPhotoCell.swift in Sources */ = {isa = PBXBuildFile; fileRef = B04271EB2AABCA6D0071F8BD /* AlbumPhotoCell.swift */; };
		B04271EE2AABCA6E0071F8BD /* AlbumPhotoCell.xib in Resources */ = {isa = PBXBuildFile; fileRef = B04271EC2AABCA6D0071F8BD /* AlbumPhotoCell.xib */; };
		B04271F12AABCB640071F8BD /* UICollectionView+Extensions.swift in Sources */ = {isa = PBXBuildFile; fileRef = B04271F02AABCB640071F8BD /* UICollectionView+Extensions.swift */; };
		B04271F52AABDC500071F8BD /* UserDataCell.swift in Sources */ = {isa = PBXBuildFile; fileRef = B04271F32AABDC500071F8BD /* UserDataCell.swift */; };
		B04271F62AABDC500071F8BD /* UserDataCell.xib in Resources */ = {isa = PBXBuildFile; fileRef = B04271F42AABDC500071F8BD /* UserDataCell.xib */; };
/* End PBXBuildFile section */

/* Begin PBXContainerItemProxy section */
		B04271612AAB8D8E0071F8BD /* PBXContainerItemProxy */ = {
			isa = PBXContainerItemProxy;
			containerPortal = B04271422AAB8D8C0071F8BD /* Project object */;
			proxyType = 1;
			remoteGlobalIDString = B04271492AAB8D8C0071F8BD;
			remoteInfo = "BostaTask@iOS";
		};
		B042716B2AAB8D8E0071F8BD /* PBXContainerItemProxy */ = {
			isa = PBXContainerItemProxy;
			containerPortal = B04271422AAB8D8C0071F8BD /* Project object */;
			proxyType = 1;
			remoteGlobalIDString = B04271492AAB8D8C0071F8BD;
			remoteInfo = "BostaTask@iOS";
		};
/* End PBXContainerItemProxy section */

/* Begin PBXFileReference section */
		B042714A2AAB8D8C0071F8BD /* BostaTask@iOS.app */ = {isa = PBXFileReference; explicitFileType = wrapper.application; includeInIndex = 0; path = "BostaTask@iOS.app"; sourceTree = BUILT_PRODUCTS_DIR; };
		B042714D2AAB8D8C0071F8BD /* AppDelegate.swift */ = {isa = PBXFileReference; lastKnownFileType = sourcecode.swift; path = AppDelegate.swift; sourceTree = "<group>"; };
		B042714F2AAB8D8C0071F8BD /* SceneDelegate.swift */ = {isa = PBXFileReference; lastKnownFileType = sourcecode.swift; path = SceneDelegate.swift; sourceTree = "<group>"; };
		B04271542AAB8D8C0071F8BD /* Base */ = {isa = PBXFileReference; lastKnownFileType = file.storyboard; name = Base; path = Base.lproj/Main.storyboard; sourceTree = "<group>"; };
		B04271562AAB8D8D0071F8BD /* Assets.xcassets */ = {isa = PBXFileReference; lastKnownFileType = folder.assetcatalog; path = Assets.xcassets; sourceTree = "<group>"; };
		B04271592AAB8D8D0071F8BD /* Base */ = {isa = PBXFileReference; lastKnownFileType = file.storyboard; name = Base; path = Base.lproj/LaunchScreen.storyboard; sourceTree = "<group>"; };
		B042715B2AAB8D8D0071F8BD /* Info.plist */ = {isa = PBXFileReference; lastKnownFileType = text.plist.xml; path = Info.plist; sourceTree = "<group>"; };
		B04271602AAB8D8E0071F8BD /* BostaTask@iOSTests.xctest */ = {isa = PBXFileReference; explicitFileType = wrapper.cfbundle; includeInIndex = 0; path = "BostaTask@iOSTests.xctest"; sourceTree = BUILT_PRODUCTS_DIR; };
		B04271642AAB8D8E0071F8BD /* BostaTask_iOSTests.swift */ = {isa = PBXFileReference; lastKnownFileType = sourcecode.swift; path = BostaTask_iOSTests.swift; sourceTree = "<group>"; };
		B042716A2AAB8D8E0071F8BD /* BostaTask@iOSUITests.xctest */ = {isa = PBXFileReference; explicitFileType = wrapper.cfbundle; includeInIndex = 0; path = "BostaTask@iOSUITests.xctest"; sourceTree = BUILT_PRODUCTS_DIR; };
		B042716E2AAB8D8E0071F8BD /* BostaTask_iOSUITests.swift */ = {isa = PBXFileReference; lastKnownFileType = sourcecode.swift; path = BostaTask_iOSUITests.swift; sourceTree = "<group>"; };
		B04271702AAB8D8E0071F8BD /* BostaTask_iOSUITestsLaunchTests.swift */ = {isa = PBXFileReference; lastKnownFileType = sourcecode.swift; path = BostaTask_iOSUITestsLaunchTests.swift; sourceTree = "<group>"; };
		B04271852AAB90B00071F8BD /* ProfileViewModel.swift */ = {isa = PBXFileReference; fileEncoding = 4; lastKnownFileType = sourcecode.swift; path = ProfileViewModel.swift; sourceTree = "<group>"; };
		B04271872AAB90B00071F8BD /* ProfileProtocols.swift */ = {isa = PBXFileReference; fileEncoding = 4; lastKnownFileType = sourcecode.swift; path = ProfileProtocols.swift; sourceTree = "<group>"; };
		B04271892AAB90B00071F8BD /* ProfileViewController.swift */ = {isa = PBXFileReference; fileEncoding = 4; lastKnownFileType = sourcecode.swift; path = ProfileViewController.swift; sourceTree = "<group>"; };
		B042718B2AAB90B00071F8BD /* UserAlbumCell.swift */ = {isa = PBXFileReference; fileEncoding = 4; lastKnownFileType = sourcecode.swift; path = UserAlbumCell.swift; sourceTree = "<group>"; };
		B042718C2AAB90B00071F8BD /* UserAlbumCell.xib */ = {isa = PBXFileReference; fileEncoding = 4; lastKnownFileType = file.xib; path = UserAlbumCell.xib; sourceTree = "<group>"; };
		B042718D2AAB90B00071F8BD /* ProfileViewController.xib */ = {isa = PBXFileReference; fileEncoding = 4; lastKnownFileType = file.xib; path = ProfileViewController.xib; sourceTree = "<group>"; };
		B042718F2AAB90B00071F8BD /* AlbumPhotosViewController.swift */ = {isa = PBXFileReference; fileEncoding = 4; lastKnownFileType = sourcecode.swift; path = AlbumPhotosViewController.swift; sourceTree = "<group>"; };
		B04271902AAB90B00071F8BD /* AlbumPhotosViewController.xib */ = {isa = PBXFileReference; fileEncoding = 4; lastKnownFileType = file.xib; path = AlbumPhotosViewController.xib; sourceTree = "<group>"; };
		B04271942AAB90B00071F8BD /* UsersRemoteDataManager.swift */ = {isa = PBXFileReference; fileEncoding = 4; lastKnownFileType = sourcecode.swift; path = UsersRemoteDataManager.swift; sourceTree = "<group>"; };
		B04271952AAB90B00071F8BD /* UsersEndPoint.swift */ = {isa = PBXFileReference; fileEncoding = 4; lastKnownFileType = sourcecode.swift; path = UsersEndPoint.swift; sourceTree = "<group>"; };
		B04271962AAB90B00071F8BD /* UsersRemoteDataManagerProtocol.swift */ = {isa = PBXFileReference; fileEncoding = 4; lastKnownFileType = sourcecode.swift; path = UsersRemoteDataManagerProtocol.swift; sourceTree = "<group>"; };
		B04271982AAB90B00071F8BD /* UserAlbumsRemoteDataManager.swift */ = {isa = PBXFileReference; fileEncoding = 4; lastKnownFileType = sourcecode.swift; path = UserAlbumsRemoteDataManager.swift; sourceTree = "<group>"; };
		B04271992AAB90B00071F8BD /* UserAlbumsEndPoint.swift */ = {isa = PBXFileReference; fileEncoding = 4; lastKnownFileType = sourcecode.swift; path = UserAlbumsEndPoint.swift; sourceTree = "<group>"; };
		B042719A2AAB90B00071F8BD /* UserAlbumsRemoteDataManagerProtocol.swift */ = {isa = PBXFileReference; fileEncoding = 4; lastKnownFileType = sourcecode.swift; path = UserAlbumsRemoteDataManagerProtocol.swift; sourceTree = "<group>"; };
		B042719C2AAB90B00071F8BD /* AlbumPhotosRemoteDataManagerProtocol.swift */ = {isa = PBXFileReference; fileEncoding = 4; lastKnownFileType = sourcecode.swift; path = AlbumPhotosRemoteDataManagerProtocol.swift; sourceTree = "<group>"; };
		B042719D2AAB90B00071F8BD /* AlbumPhotosEndPoint.swift */ = {isa = PBXFileReference; fileEncoding = 4; lastKnownFileType = sourcecode.swift; path = AlbumPhotosEndPoint.swift; sourceTree = "<group>"; };
		B042719E2AAB90B00071F8BD /* AlbumPhotosRemoteDataManager.swift */ = {isa = PBXFileReference; fileEncoding = 4; lastKnownFileType = sourcecode.swift; path = AlbumPhotosRemoteDataManager.swift; sourceTree = "<group>"; };
		B04271A32AAB90B00071F8BD /* UIViewController+Extensions.swift */ = {isa = PBXFileReference; fileEncoding = 4; lastKnownFileType = sourcecode.swift; path = "UIViewController+Extensions.swift"; sourceTree = "<group>"; };
		B04271A52AAB90B00071F8BD /* UITableView+Extenstions.swift */ = {isa = PBXFileReference; fileEncoding = 4; lastKnownFileType = sourcecode.swift; path = "UITableView+Extenstions.swift"; sourceTree = "<group>"; };
		B04271C82AAB917A0071F8BD /* APIService.swift */ = {isa = PBXFileReference; fileEncoding = 4; lastKnownFileType = sourcecode.swift; path = APIService.swift; sourceTree = "<group>"; };
		B04271C92AAB917A0071F8BD /* BaseURLProtocol.swift */ = {isa = PBXFileReference; fileEncoding = 4; lastKnownFileType = sourcecode.swift; path = BaseURLProtocol.swift; sourceTree = "<group>"; };
		B04271CE2AAB91A10071F8BD /* AlbumPhoto.swift */ = {isa = PBXFileReference; fileEncoding = 4; lastKnownFileType = sourcecode.swift; path = AlbumPhoto.swift; sourceTree = "<group>"; };
		B04271CF2AAB91A10071F8BD /* User.swift */ = {isa = PBXFileReference; fileEncoding = 4; lastKnownFileType = sourcecode.swift; path = User.swift; sourceTree = "<group>"; };
		B04271D02AAB91A10071F8BD /* UserAlbum.swift */ = {isa = PBXFileReference; fileEncoding = 4; lastKnownFileType = sourcecode.swift; path = UserAlbum.swift; sourceTree = "<group>"; };
		B04271D12AAB91A10071F8BD /* Adrress.swift */ = {isa = PBXFileReference; fileEncoding = 4; lastKnownFileType = sourcecode.swift; path = Adrress.swift; sourceTree = "<group>"; };
		B04271E22AABC3B20071F8BD /* AlbumPhotosViewModel.swift */ = {isa = PBXFileReference; lastKnownFileType = sourcecode.swift; path = AlbumPhotosViewModel.swift; sourceTree = "<group>"; };
		B04271E52AABC3E30071F8BD /* AlbumPhotosProtocols.swift */ = {isa = PBXFileReference; lastKnownFileType = sourcecode.swift; path = AlbumPhotosProtocols.swift; sourceTree = "<group>"; };
		B04271EB2AABCA6D0071F8BD /* AlbumPhotoCell.swift */ = {isa = PBXFileReference; lastKnownFileType = sourcecode.swift; path = AlbumPhotoCell.swift; sourceTree = "<group>"; };
		B04271EC2AABCA6D0071F8BD /* AlbumPhotoCell.xib */ = {isa = PBXFileReference; lastKnownFileType = file.xib; path = AlbumPhotoCell.xib; sourceTree = "<group>"; };
		B04271F02AABCB640071F8BD /* UICollectionView+Extensions.swift */ = {isa = PBXFileReference; lastKnownFileType = sourcecode.swift; path = "UICollectionView+Extensions.swift"; sourceTree = "<group>"; };
		B04271F32AABDC500071F8BD /* UserDataCell.swift */ = {isa = PBXFileReference; lastKnownFileType = sourcecode.swift; path = UserDataCell.swift; sourceTree = "<group>"; };
		B04271F42AABDC500071F8BD /* UserDataCell.xib */ = {isa = PBXFileReference; lastKnownFileType = file.xib; path = UserDataCell.xib; sourceTree = "<group>"; };
/* End PBXFileReference section */

/* Begin PBXFrameworksBuildPhase section */
		B04271472AAB8D8C0071F8BD /* Frameworks */ = {
			isa = PBXFrameworksBuildPhase;
			buildActionMask = 2147483647;
			files = (
				B04271DF2AABA15C0071F8BD /* MBProgressHUD in Frameworks */,
				B04271C02AAB911C0071F8BD /* RxCocoa in Frameworks */,
				B04271E92AABC7910071F8BD /* Kingfisher in Frameworks */,
				B04271BD2AAB90FA0071F8BD /* RxMoya in Frameworks */,
				B04271C22AAB911C0071F8BD /* RxSwift in Frameworks */,
				B04271C52AAB915A0071F8BD /* RxDataSources in Frameworks */,
				B04271BB2AAB90FA0071F8BD /* Moya in Frameworks */,
			);
			runOnlyForDeploymentPostprocessing = 0;
		};
		B042715D2AAB8D8E0071F8BD /* Frameworks */ = {
			isa = PBXFrameworksBuildPhase;
			buildActionMask = 2147483647;
			files = (
			);
			runOnlyForDeploymentPostprocessing = 0;
		};
		B04271672AAB8D8E0071F8BD /* Frameworks */ = {
			isa = PBXFrameworksBuildPhase;
			buildActionMask = 2147483647;
			files = (
			);
			runOnlyForDeploymentPostprocessing = 0;
		};
/* End PBXFrameworksBuildPhase section */

/* Begin PBXGroup section */
		B04271412AAB8D8C0071F8BD = {
			isa = PBXGroup;
			children = (
				B042714C2AAB8D8C0071F8BD /* BostaTask@iOS */,
				B04271632AAB8D8E0071F8BD /* BostaTask@iOSTests */,
				B042716D2AAB8D8E0071F8BD /* BostaTask@iOSUITests */,
				B042714B2AAB8D8C0071F8BD /* Products */,
			);
			sourceTree = "<group>";
		};
		B042714B2AAB8D8C0071F8BD /* Products */ = {
			isa = PBXGroup;
			children = (
				B042714A2AAB8D8C0071F8BD /* BostaTask@iOS.app */,
				B04271602AAB8D8E0071F8BD /* BostaTask@iOSTests.xctest */,
				B042716A2AAB8D8E0071F8BD /* BostaTask@iOSUITests.xctest */,
			);
			name = Products;
			sourceTree = "<group>";
		};
		B042714C2AAB8D8C0071F8BD /* BostaTask@iOS */ = {
			isa = PBXGroup;
			children = (
				B04271C62AAB917A0071F8BD /* Core */,
				B04271812AAB900B0071F8BD /* Configurations */,
				B042717D2AAB8FAB0071F8BD /* Delegates */,
				B04271CC2AAB91A10071F8BD /* Entities */,
				B042717E2AAB8FE80071F8BD /* Resources */,
				B04271822AAB90B00071F8BD /* Screens */,
				B04271912AAB90B00071F8BD /* Services */,
				B042719F2AAB90B00071F8BD /* Utils */,
			);
			path = "BostaTask@iOS";
			sourceTree = "<group>";
		};
		B04271632AAB8D8E0071F8BD /* BostaTask@iOSTests */ = {
			isa = PBXGroup;
			children = (
				B04271642AAB8D8E0071F8BD /* BostaTask_iOSTests.swift */,
			);
			path = "BostaTask@iOSTests";
			sourceTree = "<group>";
		};
		B042716D2AAB8D8E0071F8BD /* BostaTask@iOSUITests */ = {
			isa = PBXGroup;
			children = (
				B042716E2AAB8D8E0071F8BD /* BostaTask_iOSUITests.swift */,
				B04271702AAB8D8E0071F8BD /* BostaTask_iOSUITestsLaunchTests.swift */,
			);
			path = "BostaTask@iOSUITests";
			sourceTree = "<group>";
		};
		B042717D2AAB8FAB0071F8BD /* Delegates */ = {
			isa = PBXGroup;
			children = (
				B042714D2AAB8D8C0071F8BD /* AppDelegate.swift */,
				B042714F2AAB8D8C0071F8BD /* SceneDelegate.swift */,
			);
			path = Delegates;
			sourceTree = "<group>";
		};
		B042717E2AAB8FE80071F8BD /* Resources */ = {
			isa = PBXGroup;
			children = (
				B04271802AAB8FF70071F8BD /* Storyboards */,
				B042717F2AAB8FF00071F8BD /* Images */,
			);
			path = Resources;
			sourceTree = "<group>";
		};
		B042717F2AAB8FF00071F8BD /* Images */ = {
			isa = PBXGroup;
			children = (
				B04271562AAB8D8D0071F8BD /* Assets.xcassets */,
			);
			path = Images;
			sourceTree = "<group>";
		};
		B04271802AAB8FF70071F8BD /* Storyboards */ = {
			isa = PBXGroup;
			children = (
				B04271532AAB8D8C0071F8BD /* Main.storyboard */,
				B04271582AAB8D8D0071F8BD /* LaunchScreen.storyboard */,
			);
			path = Storyboards;
			sourceTree = "<group>";
		};
		B04271812AAB900B0071F8BD /* Configurations */ = {
			isa = PBXGroup;
			children = (
				B042715B2AAB8D8D0071F8BD /* Info.plist */,
			);
			path = Configurations;
			sourceTree = "<group>";
		};
		B04271822AAB90B00071F8BD /* Screens */ = {
			isa = PBXGroup;
			children = (
				B04271832AAB90B00071F8BD /* Profile */,
				B042718E2AAB90B00071F8BD /* AlbumPhotos */,
			);
			path = Screens;
			sourceTree = "<group>";
		};
		B04271832AAB90B00071F8BD /* Profile */ = {
			isa = PBXGroup;
			children = (
				B04271862AAB90B00071F8BD /* Contracts */,
				B04271842AAB90B00071F8BD /* ViewModel */,
				B04271882AAB90B00071F8BD /* View */,
			);
			path = Profile;
			sourceTree = "<group>";
		};
		B04271842AAB90B00071F8BD /* ViewModel */ = {
			isa = PBXGroup;
			children = (
				B04271852AAB90B00071F8BD /* ProfileViewModel.swift */,
			);
			path = ViewModel;
			sourceTree = "<group>";
		};
		B04271862AAB90B00071F8BD /* Contracts */ = {
			isa = PBXGroup;
			children = (
				B04271872AAB90B00071F8BD /* ProfileProtocols.swift */,
			);
			path = Contracts;
			sourceTree = "<group>";
		};
		B04271882AAB90B00071F8BD /* View */ = {
			isa = PBXGroup;
			children = (
				B04271F22AABDC330071F8BD /* UserDataCell */,
				B042718A2AAB90B00071F8BD /* UserAlbumCell */,
				B04271892AAB90B00071F8BD /* ProfileViewController.swift */,
				B042718D2AAB90B00071F8BD /* ProfileViewController.xib */,
			);
			path = View;
			sourceTree = "<group>";
		};
		B042718A2AAB90B00071F8BD /* UserAlbumCell */ = {
			isa = PBXGroup;
			children = (
				B042718B2AAB90B00071F8BD /* UserAlbumCell.swift */,
				B042718C2AAB90B00071F8BD /* UserAlbumCell.xib */,
			);
			path = UserAlbumCell;
			sourceTree = "<group>";
		};
		B042718E2AAB90B00071F8BD /* AlbumPhotos */ = {
			isa = PBXGroup;
			children = (
				B04271E42AABC3CE0071F8BD /* Contracts */,
				B04271E12AABC38A0071F8BD /* ViewModel */,
				B04271E02AABC3830071F8BD /* View */,
			);
			path = AlbumPhotos;
			sourceTree = "<group>";
		};
		B04271912AAB90B00071F8BD /* Services */ = {
			isa = PBXGroup;
			children = (
				B04271922AAB90B00071F8BD /* RemoteServices */,
			);
			path = Services;
			sourceTree = "<group>";
		};
		B04271922AAB90B00071F8BD /* RemoteServices */ = {
			isa = PBXGroup;
			children = (
				B04271932AAB90B00071F8BD /* Users */,
				B04271972AAB90B00071F8BD /* UserAlbums */,
				B042719B2AAB90B00071F8BD /* AlbumPhotos */,
			);
			path = RemoteServices;
			sourceTree = "<group>";
		};
		B04271932AAB90B00071F8BD /* Users */ = {
			isa = PBXGroup;
			children = (
				B04271962AAB90B00071F8BD /* UsersRemoteDataManagerProtocol.swift */,
				B04271942AAB90B00071F8BD /* UsersRemoteDataManager.swift */,
				B04271952AAB90B00071F8BD /* UsersEndPoint.swift */,
			);
			path = Users;
			sourceTree = "<group>";
		};
		B04271972AAB90B00071F8BD /* UserAlbums */ = {
			isa = PBXGroup;
			children = (
				B04271982AAB90B00071F8BD /* UserAlbumsRemoteDataManager.swift */,
				B04271992AAB90B00071F8BD /* UserAlbumsEndPoint.swift */,
				B042719A2AAB90B00071F8BD /* UserAlbumsRemoteDataManagerProtocol.swift */,
			);
			path = UserAlbums;
			sourceTree = "<group>";
		};
		B042719B2AAB90B00071F8BD /* AlbumPhotos */ = {
			isa = PBXGroup;
			children = (
				B042719C2AAB90B00071F8BD /* AlbumPhotosRemoteDataManagerProtocol.swift */,
				B042719D2AAB90B00071F8BD /* AlbumPhotosEndPoint.swift */,
				B042719E2AAB90B00071F8BD /* AlbumPhotosRemoteDataManager.swift */,
			);
			path = AlbumPhotos;
			sourceTree = "<group>";
		};
		B042719F2AAB90B00071F8BD /* Utils */ = {
			isa = PBXGroup;
			children = (
				B04271A02AAB90B00071F8BD /* Extenstions */,
			);
			path = Utils;
			sourceTree = "<group>";
		};
		B04271A02AAB90B00071F8BD /* Extenstions */ = {
			isa = PBXGroup;
			children = (
				B04271A12AAB90B00071F8BD /* UIKit */,
			);
			path = Extenstions;
			sourceTree = "<group>";
		};
		B04271A12AAB90B00071F8BD /* UIKit */ = {
			isa = PBXGroup;
			children = (
				B04271A22AAB90B00071F8BD /* UIViewController */,
				B04271A42AAB90B00071F8BD /* UITableView */,
				B04271EF2AABCB4D0071F8BD /* UICollectionView */,
			);
			path = UIKit;
			sourceTree = "<group>";
		};
		B04271A22AAB90B00071F8BD /* UIViewController */ = {
			isa = PBXGroup;
			children = (
				B04271A32AAB90B00071F8BD /* UIViewController+Extensions.swift */,
			);
			path = UIViewController;
			sourceTree = "<group>";
		};
		B04271A42AAB90B00071F8BD /* UITableView */ = {
			isa = PBXGroup;
			children = (
				B04271A52AAB90B00071F8BD /* UITableView+Extenstions.swift */,
			);
			path = UITableView;
			sourceTree = "<group>";
		};
		B04271C62AAB917A0071F8BD /* Core */ = {
			isa = PBXGroup;
			children = (
				B04271C72AAB917A0071F8BD /* APIService */,
			);
			path = Core;
			sourceTree = "<group>";
		};
		B04271C72AAB917A0071F8BD /* APIService */ = {
			isa = PBXGroup;
			children = (
				B04271C82AAB917A0071F8BD /* APIService.swift */,
				B04271C92AAB917A0071F8BD /* BaseURLProtocol.swift */,
			);
			path = APIService;
			sourceTree = "<group>";
		};
		B04271CC2AAB91A10071F8BD /* Entities */ = {
			isa = PBXGroup;
			children = (
				B04271CD2AAB91A10071F8BD /* Model */,
			);
			path = Entities;
			sourceTree = "<group>";
		};
		B04271CD2AAB91A10071F8BD /* Model */ = {
			isa = PBXGroup;
			children = (
				B04271CE2AAB91A10071F8BD /* AlbumPhoto.swift */,
				B04271CF2AAB91A10071F8BD /* User.swift */,
				B04271D02AAB91A10071F8BD /* UserAlbum.swift */,
				B04271D12AAB91A10071F8BD /* Adrress.swift */,
			);
			path = Model;
			sourceTree = "<group>";
		};
		B04271E02AABC3830071F8BD /* View */ = {
			isa = PBXGroup;
			children = (
				B04271EA2AABCA510071F8BD /* AlbumPhotoCell */,
				B042718F2AAB90B00071F8BD /* AlbumPhotosViewController.swift */,
				B04271902AAB90B00071F8BD /* AlbumPhotosViewController.xib */,
			);
			path = View;
			sourceTree = "<group>";
		};
		B04271E12AABC38A0071F8BD /* ViewModel */ = {
			isa = PBXGroup;
			children = (
				B04271E22AABC3B20071F8BD /* AlbumPhotosViewModel.swift */,
			);
			path = ViewModel;
			sourceTree = "<group>";
		};
		B04271E42AABC3CE0071F8BD /* Contracts */ = {
			isa = PBXGroup;
			children = (
				B04271E52AABC3E30071F8BD /* AlbumPhotosProtocols.swift */,
			);
			path = Contracts;
			sourceTree = "<group>";
		};
		B04271EA2AABCA510071F8BD /* AlbumPhotoCell */ = {
			isa = PBXGroup;
			children = (
				B04271EB2AABCA6D0071F8BD /* AlbumPhotoCell.swift */,
				B04271EC2AABCA6D0071F8BD /* AlbumPhotoCell.xib */,
			);
			path = AlbumPhotoCell;
			sourceTree = "<group>";
		};
		B04271EF2AABCB4D0071F8BD /* UICollectionView */ = {
			isa = PBXGroup;
			children = (
				B04271F02AABCB640071F8BD /* UICollectionView+Extensions.swift */,
			);
			path = UICollectionView;
			sourceTree = "<group>";
		};
		B04271F22AABDC330071F8BD /* UserDataCell */ = {
			isa = PBXGroup;
			children = (
				B04271F32AABDC500071F8BD /* UserDataCell.swift */,
				B04271F42AABDC500071F8BD /* UserDataCell.xib */,
			);
			path = UserDataCell;
			sourceTree = "<group>";
		};
/* End PBXGroup section */

/* Begin PBXNativeTarget section */
		B04271492AAB8D8C0071F8BD /* BostaTask@iOS */ = {
			isa = PBXNativeTarget;
			buildConfigurationList = B04271742AAB8D8E0071F8BD /* Build configuration list for PBXNativeTarget "BostaTask@iOS" */;
			buildPhases = (
				B04271462AAB8D8C0071F8BD /* Sources */,
				B04271472AAB8D8C0071F8BD /* Frameworks */,
				B04271482AAB8D8C0071F8BD /* Resources */,
			);
			buildRules = (
			);
			dependencies = (
			);
			name = "BostaTask@iOS";
			packageProductDependencies = (
				B04271BA2AAB90FA0071F8BD /* Moya */,
				B04271BC2AAB90FA0071F8BD /* RxMoya */,
				B04271BF2AAB911C0071F8BD /* RxCocoa */,
				B04271C12AAB911C0071F8BD /* RxSwift */,
				B04271C42AAB915A0071F8BD /* RxDataSources */,
				B04271DE2AABA15C0071F8BD /* MBProgressHUD */,
				B04271E82AABC7910071F8BD /* Kingfisher */,
			);
			productName = "BostaTask@iOS";
			productReference = B042714A2AAB8D8C0071F8BD /* BostaTask@iOS.app */;
			productType = "com.apple.product-type.application";
		};
		B042715F2AAB8D8E0071F8BD /* BostaTask@iOSTests */ = {
			isa = PBXNativeTarget;
			buildConfigurationList = B04271772AAB8D8E0071F8BD /* Build configuration list for PBXNativeTarget "BostaTask@iOSTests" */;
			buildPhases = (
				B042715C2AAB8D8E0071F8BD /* Sources */,
				B042715D2AAB8D8E0071F8BD /* Frameworks */,
				B042715E2AAB8D8E0071F8BD /* Resources */,
			);
			buildRules = (
			);
			dependencies = (
				B04271622AAB8D8E0071F8BD /* PBXTargetDependency */,
			);
			name = "BostaTask@iOSTests";
			productName = "BostaTask@iOSTests";
			productReference = B04271602AAB8D8E0071F8BD /* BostaTask@iOSTests.xctest */;
			productType = "com.apple.product-type.bundle.unit-test";
		};
		B04271692AAB8D8E0071F8BD /* BostaTask@iOSUITests */ = {
			isa = PBXNativeTarget;
			buildConfigurationList = B042717A2AAB8D8E0071F8BD /* Build configuration list for PBXNativeTarget "BostaTask@iOSUITests" */;
			buildPhases = (
				B04271662AAB8D8E0071F8BD /* Sources */,
				B04271672AAB8D8E0071F8BD /* Frameworks */,
				B04271682AAB8D8E0071F8BD /* Resources */,
			);
			buildRules = (
			);
			dependencies = (
				B042716C2AAB8D8E0071F8BD /* PBXTargetDependency */,
			);
			name = "BostaTask@iOSUITests";
			productName = "BostaTask@iOSUITests";
			productReference = B042716A2AAB8D8E0071F8BD /* BostaTask@iOSUITests.xctest */;
			productType = "com.apple.product-type.bundle.ui-testing";
		};
/* End PBXNativeTarget section */

/* Begin PBXProject section */
		B04271422AAB8D8C0071F8BD /* Project object */ = {
			isa = PBXProject;
			attributes = {
				BuildIndependentTargetsInParallel = 1;
				LastSwiftUpdateCheck = 1420;
				LastUpgradeCheck = 1420;
				TargetAttributes = {
					B04271492AAB8D8C0071F8BD = {
						CreatedOnToolsVersion = 14.2;
					};
					B042715F2AAB8D8E0071F8BD = {
						CreatedOnToolsVersion = 14.2;
						TestTargetID = B04271492AAB8D8C0071F8BD;
					};
					B04271692AAB8D8E0071F8BD = {
						CreatedOnToolsVersion = 14.2;
						TestTargetID = B04271492AAB8D8C0071F8BD;
					};
				};
			};
			buildConfigurationList = B04271452AAB8D8C0071F8BD /* Build configuration list for PBXProject "BostaTask@iOS" */;
			compatibilityVersion = "Xcode 14.0";
			developmentRegion = en;
			hasScannedForEncodings = 0;
			knownRegions = (
				en,
				Base,
			);
			mainGroup = B04271412AAB8D8C0071F8BD;
			packageReferences = (
				B04271B92AAB90FA0071F8BD /* XCRemoteSwiftPackageReference "Moya" */,
				B04271BE2AAB911C0071F8BD /* XCRemoteSwiftPackageReference "RxSwift" */,
				B04271C32AAB915A0071F8BD /* XCRemoteSwiftPackageReference "RxDataSources" */,
				B04271DD2AABA15C0071F8BD /* XCRemoteSwiftPackageReference "MBProgressHUD" */,
				B04271E72AABC7910071F8BD /* XCRemoteSwiftPackageReference "Kingfisher" */,
			);
			productRefGroup = B042714B2AAB8D8C0071F8BD /* Products */;
			projectDirPath = "";
			projectRoot = "";
			targets = (
				B04271492AAB8D8C0071F8BD /* BostaTask@iOS */,
				B042715F2AAB8D8E0071F8BD /* BostaTask@iOSTests */,
				B04271692AAB8D8E0071F8BD /* BostaTask@iOSUITests */,
			);
		};
/* End PBXProject section */

/* Begin PBXResourcesBuildPhase section */
		B04271482AAB8D8C0071F8BD /* Resources */ = {
			isa = PBXResourcesBuildPhase;
			buildActionMask = 2147483647;
			files = (
				B042715A2AAB8D8D0071F8BD /* LaunchScreen.storyboard in Resources */,
				B04271572AAB8D8D0071F8BD /* Assets.xcassets in Resources */,
				B04271F62AABDC500071F8BD /* UserDataCell.xib in Resources */,
				B04271AA2AAB90B00071F8BD /* UserAlbumCell.xib in Resources */,
				B04271552AAB8D8C0071F8BD /* Main.storyboard in Resources */,
				B04271AB2AAB90B00071F8BD /* ProfileViewController.xib in Resources */,
				B04271AD2AAB90B00071F8BD /* AlbumPhotosViewController.xib in Resources */,
				B04271EE2AABCA6E0071F8BD /* AlbumPhotoCell.xib in Resources */,
			);
			runOnlyForDeploymentPostprocessing = 0;
		};
		B042715E2AAB8D8E0071F8BD /* Resources */ = {
			isa = PBXResourcesBuildPhase;
			buildActionMask = 2147483647;
			files = (
			);
			runOnlyForDeploymentPostprocessing = 0;
		};
		B04271682AAB8D8E0071F8BD /* Resources */ = {
			isa = PBXResourcesBuildPhase;
			buildActionMask = 2147483647;
			files = (
			);
			runOnlyForDeploymentPostprocessing = 0;
		};
/* End PBXResourcesBuildPhase section */

/* Begin PBXSourcesBuildPhase section */
		B04271462AAB8D8C0071F8BD /* Sources */ = {
			isa = PBXSourcesBuildPhase;
			buildActionMask = 2147483647;
			files = (
				B04271F52AABDC500071F8BD /* UserDataCell.swift in Sources */,
				B04271F12AABCB640071F8BD /* UICollectionView+Extensions.swift in Sources */,
				B04271E32AABC3B20071F8BD /* AlbumPhotosViewModel.swift in Sources */,
				B04271B02AAB90B00071F8BD /* UsersRemoteDataManagerProtocol.swift in Sources */,
				B04271D42AAB91A10071F8BD /* UserAlbum.swift in Sources */,
				B04271CA2AAB917A0071F8BD /* APIService.swift in Sources */,
				B04271B52AAB90B00071F8BD /* AlbumPhotosEndPoint.swift in Sources */,
				B04271D52AAB91A10071F8BD /* Adrress.swift in Sources */,
				B04271AF2AAB90B00071F8BD /* UsersEndPoint.swift in Sources */,
				B04271CB2AAB917A0071F8BD /* BaseURLProtocol.swift in Sources */,
				B04271E62AABC3E30071F8BD /* AlbumPhotosProtocols.swift in Sources */,
				B04271B32AAB90B00071F8BD /* UserAlbumsRemoteDataManagerProtocol.swift in Sources */,
				B04271A92AAB90B00071F8BD /* UserAlbumCell.swift in Sources */,
				B04271B72AAB90B00071F8BD /* UIViewController+Extensions.swift in Sources */,
				B04271B22AAB90B00071F8BD /* UserAlbumsEndPoint.swift in Sources */,
				B04271A62AAB90B00071F8BD /* ProfileViewModel.swift in Sources */,
				B04271D32AAB91A10071F8BD /* User.swift in Sources */,
				B04271AE2AAB90B00071F8BD /* UsersRemoteDataManager.swift in Sources */,
				B04271A82AAB90B00071F8BD /* ProfileViewController.swift in Sources */,
				B04271ED2AABCA6E0071F8BD /* AlbumPhotoCell.swift in Sources */,
				B04271D22AAB91A10071F8BD /* AlbumPhoto.swift in Sources */,
				B04271AC2AAB90B00071F8BD /* AlbumPhotosViewController.swift in Sources */,
				B04271B12AAB90B00071F8BD /* UserAlbumsRemoteDataManager.swift in Sources */,
				B04271B42AAB90B00071F8BD /* AlbumPhotosRemoteDataManagerProtocol.swift in Sources */,
				B04271B62AAB90B00071F8BD /* AlbumPhotosRemoteDataManager.swift in Sources */,
				B042714E2AAB8D8C0071F8BD /* AppDelegate.swift in Sources */,
				B04271502AAB8D8C0071F8BD /* SceneDelegate.swift in Sources */,
				B04271B82AAB90B00071F8BD /* UITableView+Extenstions.swift in Sources */,
				B04271A72AAB90B00071F8BD /* ProfileProtocols.swift in Sources */,
			);
			runOnlyForDeploymentPostprocessing = 0;
		};
		B042715C2AAB8D8E0071F8BD /* Sources */ = {
			isa = PBXSourcesBuildPhase;
			buildActionMask = 2147483647;
			files = (
				B04271652AAB8D8E0071F8BD /* BostaTask_iOSTests.swift in Sources */,
			);
			runOnlyForDeploymentPostprocessing = 0;
		};
		B04271662AAB8D8E0071F8BD /* Sources */ = {
			isa = PBXSourcesBuildPhase;
			buildActionMask = 2147483647;
			files = (
				B042716F2AAB8D8E0071F8BD /* BostaTask_iOSUITests.swift in Sources */,
				B04271712AAB8D8E0071F8BD /* BostaTask_iOSUITestsLaunchTests.swift in Sources */,
			);
			runOnlyForDeploymentPostprocessing = 0;
		};
/* End PBXSourcesBuildPhase section */

/* Begin PBXTargetDependency section */
		B04271622AAB8D8E0071F8BD /* PBXTargetDependency */ = {
			isa = PBXTargetDependency;
			target = B04271492AAB8D8C0071F8BD /* BostaTask@iOS */;
			targetProxy = B04271612AAB8D8E0071F8BD /* PBXContainerItemProxy */;
		};
		B042716C2AAB8D8E0071F8BD /* PBXTargetDependency */ = {
			isa = PBXTargetDependency;
			target = B04271492AAB8D8C0071F8BD /* BostaTask@iOS */;
			targetProxy = B042716B2AAB8D8E0071F8BD /* PBXContainerItemProxy */;
		};
/* End PBXTargetDependency section */

/* Begin PBXVariantGroup section */
		B04271532AAB8D8C0071F8BD /* Main.storyboard */ = {
			isa = PBXVariantGroup;
			children = (
				B04271542AAB8D8C0071F8BD /* Base */,
			);
			name = Main.storyboard;
			sourceTree = "<group>";
		};
		B04271582AAB8D8D0071F8BD /* LaunchScreen.storyboard */ = {
			isa = PBXVariantGroup;
			children = (
				B04271592AAB8D8D0071F8BD /* Base */,
			);
			name = LaunchScreen.storyboard;
			sourceTree = "<group>";
		};
/* End PBXVariantGroup section */

/* Begin XCBuildConfiguration section */
		B04271722AAB8D8E0071F8BD /* Debug */ = {
			isa = XCBuildConfiguration;
			buildSettings = {
				ALWAYS_SEARCH_USER_PATHS = NO;
				CLANG_ANALYZER_NONNULL = YES;
				CLANG_ANALYZER_NUMBER_OBJECT_CONVERSION = YES_AGGRESSIVE;
				CLANG_CXX_LANGUAGE_STANDARD = "gnu++20";
				CLANG_ENABLE_MODULES = YES;
				CLANG_ENABLE_OBJC_ARC = YES;
				CLANG_ENABLE_OBJC_WEAK = YES;
				CLANG_WARN_BLOCK_CAPTURE_AUTORELEASING = YES;
				CLANG_WARN_BOOL_CONVERSION = YES;
				CLANG_WARN_COMMA = YES;
				CLANG_WARN_CONSTANT_CONVERSION = YES;
				CLANG_WARN_DEPRECATED_OBJC_IMPLEMENTATIONS = YES;
				CLANG_WARN_DIRECT_OBJC_ISA_USAGE = YES_ERROR;
				CLANG_WARN_DOCUMENTATION_COMMENTS = YES;
				CLANG_WARN_EMPTY_BODY = YES;
				CLANG_WARN_ENUM_CONVERSION = YES;
				CLANG_WARN_INFINITE_RECURSION = YES;
				CLANG_WARN_INT_CONVERSION = YES;
				CLANG_WARN_NON_LITERAL_NULL_CONVERSION = YES;
				CLANG_WARN_OBJC_IMPLICIT_RETAIN_SELF = YES;
				CLANG_WARN_OBJC_LITERAL_CONVERSION = YES;
				CLANG_WARN_OBJC_ROOT_CLASS = YES_ERROR;
				CLANG_WARN_QUOTED_INCLUDE_IN_FRAMEWORK_HEADER = YES;
				CLANG_WARN_RANGE_LOOP_ANALYSIS = YES;
				CLANG_WARN_STRICT_PROTOTYPES = YES;
				CLANG_WARN_SUSPICIOUS_MOVE = YES;
				CLANG_WARN_UNGUARDED_AVAILABILITY = YES_AGGRESSIVE;
				CLANG_WARN_UNREACHABLE_CODE = YES;
				CLANG_WARN__DUPLICATE_METHOD_MATCH = YES;
				COPY_PHASE_STRIP = NO;
				DEBUG_INFORMATION_FORMAT = dwarf;
				ENABLE_STRICT_OBJC_MSGSEND = YES;
				ENABLE_TESTABILITY = YES;
				GCC_C_LANGUAGE_STANDARD = gnu11;
				GCC_DYNAMIC_NO_PIC = NO;
				GCC_NO_COMMON_BLOCKS = YES;
				GCC_OPTIMIZATION_LEVEL = 0;
				GCC_PREPROCESSOR_DEFINITIONS = (
					"DEBUG=1",
					"$(inherited)",
				);
				GCC_WARN_64_TO_32_BIT_CONVERSION = YES;
				GCC_WARN_ABOUT_RETURN_TYPE = YES_ERROR;
				GCC_WARN_UNDECLARED_SELECTOR = YES;
				GCC_WARN_UNINITIALIZED_AUTOS = YES_AGGRESSIVE;
				GCC_WARN_UNUSED_FUNCTION = YES;
				GCC_WARN_UNUSED_VARIABLE = YES;
				IPHONEOS_DEPLOYMENT_TARGET = 16.2;
				MTL_ENABLE_DEBUG_INFO = INCLUDE_SOURCE;
				MTL_FAST_MATH = YES;
				ONLY_ACTIVE_ARCH = YES;
				SDKROOT = iphoneos;
				SWIFT_ACTIVE_COMPILATION_CONDITIONS = DEBUG;
				SWIFT_OPTIMIZATION_LEVEL = "-Onone";
			};
			name = Debug;
		};
		B04271732AAB8D8E0071F8BD /* Release */ = {
			isa = XCBuildConfiguration;
			buildSettings = {
				ALWAYS_SEARCH_USER_PATHS = NO;
				CLANG_ANALYZER_NONNULL = YES;
				CLANG_ANALYZER_NUMBER_OBJECT_CONVERSION = YES_AGGRESSIVE;
				CLANG_CXX_LANGUAGE_STANDARD = "gnu++20";
				CLANG_ENABLE_MODULES = YES;
				CLANG_ENABLE_OBJC_ARC = YES;
				CLANG_ENABLE_OBJC_WEAK = YES;
				CLANG_WARN_BLOCK_CAPTURE_AUTORELEASING = YES;
				CLANG_WARN_BOOL_CONVERSION = YES;
				CLANG_WARN_COMMA = YES;
				CLANG_WARN_CONSTANT_CONVERSION = YES;
				CLANG_WARN_DEPRECATED_OBJC_IMPLEMENTATIONS = YES;
				CLANG_WARN_DIRECT_OBJC_ISA_USAGE = YES_ERROR;
				CLANG_WARN_DOCUMENTATION_COMMENTS = YES;
				CLANG_WARN_EMPTY_BODY = YES;
				CLANG_WARN_ENUM_CONVERSION = YES;
				CLANG_WARN_INFINITE_RECURSION = YES;
				CLANG_WARN_INT_CONVERSION = YES;
				CLANG_WARN_NON_LITERAL_NULL_CONVERSION = YES;
				CLANG_WARN_OBJC_IMPLICIT_RETAIN_SELF = YES;
				CLANG_WARN_OBJC_LITERAL_CONVERSION = YES;
				CLANG_WARN_OBJC_ROOT_CLASS = YES_ERROR;
				CLANG_WARN_QUOTED_INCLUDE_IN_FRAMEWORK_HEADER = YES;
				CLANG_WARN_RANGE_LOOP_ANALYSIS = YES;
				CLANG_WARN_STRICT_PROTOTYPES = YES;
				CLANG_WARN_SUSPICIOUS_MOVE = YES;
				CLANG_WARN_UNGUARDED_AVAILABILITY = YES_AGGRESSIVE;
				CLANG_WARN_UNREACHABLE_CODE = YES;
				CLANG_WARN__DUPLICATE_METHOD_MATCH = YES;
				COPY_PHASE_STRIP = NO;
				DEBUG_INFORMATION_FORMAT = "dwarf-with-dsym";
				ENABLE_NS_ASSERTIONS = NO;
				ENABLE_STRICT_OBJC_MSGSEND = YES;
				GCC_C_LANGUAGE_STANDARD = gnu11;
				GCC_NO_COMMON_BLOCKS = YES;
				GCC_WARN_64_TO_32_BIT_CONVERSION = YES;
				GCC_WARN_ABOUT_RETURN_TYPE = YES_ERROR;
				GCC_WARN_UNDECLARED_SELECTOR = YES;
				GCC_WARN_UNINITIALIZED_AUTOS = YES_AGGRESSIVE;
				GCC_WARN_UNUSED_FUNCTION = YES;
				GCC_WARN_UNUSED_VARIABLE = YES;
				IPHONEOS_DEPLOYMENT_TARGET = 16.2;
				MTL_ENABLE_DEBUG_INFO = NO;
				MTL_FAST_MATH = YES;
				SDKROOT = iphoneos;
				SWIFT_COMPILATION_MODE = wholemodule;
				SWIFT_OPTIMIZATION_LEVEL = "-O";
				VALIDATE_PRODUCT = YES;
			};
			name = Release;
		};
		B04271752AAB8D8E0071F8BD /* Debug */ = {
			isa = XCBuildConfiguration;
			buildSettings = {
				ASSETCATALOG_COMPILER_APPICON_NAME = AppIcon;
				ASSETCATALOG_COMPILER_GLOBAL_ACCENT_COLOR_NAME = AccentColor;
				CODE_SIGN_STYLE = Automatic;
				CURRENT_PROJECT_VERSION = 1;
				DEVELOPMENT_TEAM = 4BF99PU9FP;
				GENERATE_INFOPLIST_FILE = YES;
				INFOPLIST_FILE = "BostaTask@iOS/Configurations/Info.plist";
				INFOPLIST_KEY_UIApplicationSupportsIndirectInputEvents = YES;
				INFOPLIST_KEY_UILaunchStoryboardName = LaunchScreen;
				INFOPLIST_KEY_UIMainStoryboardFile = Main;
				INFOPLIST_KEY_UISupportedInterfaceOrientations_iPad = "UIInterfaceOrientationPortrait UIInterfaceOrientationPortraitUpsideDown UIInterfaceOrientationLandscapeLeft UIInterfaceOrientationLandscapeRight";
				INFOPLIST_KEY_UISupportedInterfaceOrientations_iPhone = "UIInterfaceOrientationPortrait UIInterfaceOrientationLandscapeLeft UIInterfaceOrientationLandscapeRight";
				LD_RUNPATH_SEARCH_PATHS = (
					"$(inherited)",
					"@executable_path/Frameworks",
				);
				MARKETING_VERSION = 1.0;
				PRODUCT_BUNDLE_IDENTIFIER = "ahmed.BostaTask-iOS";
				PRODUCT_NAME = "$(TARGET_NAME)";
				SWIFT_EMIT_LOC_STRINGS = YES;
				SWIFT_VERSION = 5.0;
				TARGETED_DEVICE_FAMILY = "1,2";
			};
			name = Debug;
		};
		B04271762AAB8D8E0071F8BD /* Release */ = {
			isa = XCBuildConfiguration;
			buildSettings = {
				ASSETCATALOG_COMPILER_APPICON_NAME = AppIcon;
				ASSETCATALOG_COMPILER_GLOBAL_ACCENT_COLOR_NAME = AccentColor;
				CODE_SIGN_STYLE = Automatic;
				CURRENT_PROJECT_VERSION = 1;
				DEVELOPMENT_TEAM = 4BF99PU9FP;
				GENERATE_INFOPLIST_FILE = YES;
				INFOPLIST_FILE = "BostaTask@iOS/Configurations/Info.plist";
				INFOPLIST_KEY_UIApplicationSupportsIndirectInputEvents = YES;
				INFOPLIST_KEY_UILaunchStoryboardName = LaunchScreen;
				INFOPLIST_KEY_UIMainStoryboardFile = Main;
				INFOPLIST_KEY_UISupportedInterfaceOrientations_iPad = "UIInterfaceOrientationPortrait UIInterfaceOrientationPortraitUpsideDown UIInterfaceOrientationLandscapeLeft UIInterfaceOrientationLandscapeRight";
				INFOPLIST_KEY_UISupportedInterfaceOrientations_iPhone = "UIInterfaceOrientationPortrait UIInterfaceOrientationLandscapeLeft UIInterfaceOrientationLandscapeRight";
				LD_RUNPATH_SEARCH_PATHS = (
					"$(inherited)",
					"@executable_path/Frameworks",
				);
				MARKETING_VERSION = 1.0;
				PRODUCT_BUNDLE_IDENTIFIER = "ahmed.BostaTask-iOS";
				PRODUCT_NAME = "$(TARGET_NAME)";
				SWIFT_EMIT_LOC_STRINGS = YES;
				SWIFT_VERSION = 5.0;
				TARGETED_DEVICE_FAMILY = "1,2";
			};
			name = Release;
		};
		B04271782AAB8D8E0071F8BD /* Debug */ = {
			isa = XCBuildConfiguration;
			buildSettings = {
				ALWAYS_EMBED_SWIFT_STANDARD_LIBRARIES = YES;
				BUNDLE_LOADER = "$(TEST_HOST)";
				CODE_SIGN_STYLE = Automatic;
				CURRENT_PROJECT_VERSION = 1;
				DEVELOPMENT_TEAM = 4BF99PU9FP;
				GENERATE_INFOPLIST_FILE = YES;
				IPHONEOS_DEPLOYMENT_TARGET = 16.2;
				MARKETING_VERSION = 1.0;
				PRODUCT_BUNDLE_IDENTIFIER = "ahmed.BostaTask-iOSTests";
				PRODUCT_NAME = "$(TARGET_NAME)";
				SWIFT_EMIT_LOC_STRINGS = NO;
				SWIFT_VERSION = 5.0;
				TARGETED_DEVICE_FAMILY = "1,2";
				TEST_HOST = "$(BUILT_PRODUCTS_DIR)/BostaTask@iOS.app/$(BUNDLE_EXECUTABLE_FOLDER_PATH)/BostaTask@iOS";
			};
			name = Debug;
		};
		B04271792AAB8D8E0071F8BD /* Release */ = {
			isa = XCBuildConfiguration;
			buildSettings = {
				ALWAYS_EMBED_SWIFT_STANDARD_LIBRARIES = YES;
				BUNDLE_LOADER = "$(TEST_HOST)";
				CODE_SIGN_STYLE = Automatic;
				CURRENT_PROJECT_VERSION = 1;
				DEVELOPMENT_TEAM = 4BF99PU9FP;
				GENERATE_INFOPLIST_FILE = YES;
				IPHONEOS_DEPLOYMENT_TARGET = 16.2;
				MARKETING_VERSION = 1.0;
				PRODUCT_BUNDLE_IDENTIFIER = "ahmed.BostaTask-iOSTests";
				PRODUCT_NAME = "$(TARGET_NAME)";
				SWIFT_EMIT_LOC_STRINGS = NO;
				SWIFT_VERSION = 5.0;
				TARGETED_DEVICE_FAMILY = "1,2";
				TEST_HOST = "$(BUILT_PRODUCTS_DIR)/BostaTask@iOS.app/$(BUNDLE_EXECUTABLE_FOLDER_PATH)/BostaTask@iOS";
			};
			name = Release;
		};
		B042717B2AAB8D8E0071F8BD /* Debug */ = {
			isa = XCBuildConfiguration;
			buildSettings = {
				ALWAYS_EMBED_SWIFT_STANDARD_LIBRARIES = YES;
				CODE_SIGN_STYLE = Automatic;
				CURRENT_PROJECT_VERSION = 1;
				DEVELOPMENT_TEAM = 4BF99PU9FP;
				GENERATE_INFOPLIST_FILE = YES;
				MARKETING_VERSION = 1.0;
				PRODUCT_BUNDLE_IDENTIFIER = "ahmed.BostaTask-iOSUITests";
				PRODUCT_NAME = "$(TARGET_NAME)";
				SWIFT_EMIT_LOC_STRINGS = NO;
				SWIFT_VERSION = 5.0;
				TARGETED_DEVICE_FAMILY = "1,2";
				TEST_TARGET_NAME = "BostaTask@iOS";
			};
			name = Debug;
		};
		B042717C2AAB8D8E0071F8BD /* Release */ = {
			isa = XCBuildConfiguration;
			buildSettings = {
				ALWAYS_EMBED_SWIFT_STANDARD_LIBRARIES = YES;
				CODE_SIGN_STYLE = Automatic;
				CURRENT_PROJECT_VERSION = 1;
				DEVELOPMENT_TEAM = 4BF99PU9FP;
				GENERATE_INFOPLIST_FILE = YES;
				MARKETING_VERSION = 1.0;
				PRODUCT_BUNDLE_IDENTIFIER = "ahmed.BostaTask-iOSUITests";
				PRODUCT_NAME = "$(TARGET_NAME)";
				SWIFT_EMIT_LOC_STRINGS = NO;
				SWIFT_VERSION = 5.0;
				TARGETED_DEVICE_FAMILY = "1,2";
				TEST_TARGET_NAME = "BostaTask@iOS";
			};
			name = Release;
		};
/* End XCBuildConfiguration section */

/* Begin XCConfigurationList section */
		B04271452AAB8D8C0071F8BD /* Build configuration list for PBXProject "BostaTask@iOS" */ = {
			isa = XCConfigurationList;
			buildConfigurations = (
				B04271722AAB8D8E0071F8BD /* Debug */,
				B04271732AAB8D8E0071F8BD /* Release */,
			);
			defaultConfigurationIsVisible = 0;
			defaultConfigurationName = Release;
		};
		B04271742AAB8D8E0071F8BD /* Build configuration list for PBXNativeTarget "BostaTask@iOS" */ = {
			isa = XCConfigurationList;
			buildConfigurations = (
				B04271752AAB8D8E0071F8BD /* Debug */,
				B04271762AAB8D8E0071F8BD /* Release */,
			);
			defaultConfigurationIsVisible = 0;
			defaultConfigurationName = Release;
		};
		B04271772AAB8D8E0071F8BD /* Build configuration list for PBXNativeTarget "BostaTask@iOSTests" */ = {
			isa = XCConfigurationList;
			buildConfigurations = (
				B04271782AAB8D8E0071F8BD /* Debug */,
				B04271792AAB8D8E0071F8BD /* Release */,
			);
			defaultConfigurationIsVisible = 0;
			defaultConfigurationName = Release;
		};
		B042717A2AAB8D8E0071F8BD /* Build configuration list for PBXNativeTarget "BostaTask@iOSUITests" */ = {
			isa = XCConfigurationList;
			buildConfigurations = (
				B042717B2AAB8D8E0071F8BD /* Debug */,
				B042717C2AAB8D8E0071F8BD /* Release */,
			);
			defaultConfigurationIsVisible = 0;
			defaultConfigurationName = Release;
		};
/* End XCConfigurationList section */

/* Begin XCRemoteSwiftPackageReference section */
		B04271B92AAB90FA0071F8BD /* XCRemoteSwiftPackageReference "Moya" */ = {
			isa = XCRemoteSwiftPackageReference;
			repositoryURL = "https://github.com/Moya/Moya";
			requirement = {
				branch = master;
				kind = branch;
			};
		};
		B04271BE2AAB911C0071F8BD /* XCRemoteSwiftPackageReference "RxSwift" */ = {
			isa = XCRemoteSwiftPackageReference;
			repositoryURL = "https://github.com/ReactiveX/RxSwift";
			requirement = {
				kind = upToNextMajorVersion;
				minimumVersion = 6.0.0;
			};
		};
		B04271C32AAB915A0071F8BD /* XCRemoteSwiftPackageReference "RxDataSources" */ = {
			isa = XCRemoteSwiftPackageReference;
			repositoryURL = "https://github.com/RxSwiftCommunity/RxDataSources";
			requirement = {
				kind = upToNextMajorVersion;
				minimumVersion = 5.0.0;
			};
		};
		B04271DD2AABA15C0071F8BD /* XCRemoteSwiftPackageReference "MBProgressHUD" */ = {
			isa = XCRemoteSwiftPackageReference;
			repositoryURL = "https://github.com/jdg/MBProgressHUD";
			requirement = {
				kind = upToNextMajorVersion;
				minimumVersion = 1.0.0;
			};
		};
		B04271E72AABC7910071F8BD /* XCRemoteSwiftPackageReference "Kingfisher" */ = {
			isa = XCRemoteSwiftPackageReference;
			repositoryURL = "https://github.com/onevcat/Kingfisher";
			requirement = {
				kind = upToNextMajorVersion;
				minimumVersion = 7.0.0;
			};
		};
/* End XCRemoteSwiftPackageReference section */

/* Begin XCSwiftPackageProductDependency section */
		B04271BA2AAB90FA0071F8BD /* Moya */ = {
			isa = XCSwiftPackageProductDependency;
			package = B04271B92AAB90FA0071F8BD /* XCRemoteSwiftPackageReference "Moya" */;
			productName = Moya;
		};
		B04271BC2AAB90FA0071F8BD /* RxMoya */ = {
			isa = XCSwiftPackageProductDependency;
			package = B04271B92AAB90FA0071F8BD /* XCRemoteSwiftPackageReference "Moya" */;
			productName = RxMoya;
		};
		B04271BF2AAB911C0071F8BD /* RxCocoa */ = {
			isa = XCSwiftPackageProductDependency;
			package = B04271BE2AAB911C0071F8BD /* XCRemoteSwiftPackageReference "RxSwift" */;
			productName = RxCocoa;
		};
		B04271C12AAB911C0071F8BD /* RxSwift */ = {
			isa = XCSwiftPackageProductDependency;
			package = B04271BE2AAB911C0071F8BD /* XCRemoteSwiftPackageReference "RxSwift" */;
			productName = RxSwift;
		};
		B04271C42AAB915A0071F8BD /* RxDataSources */ = {
			isa = XCSwiftPackageProductDependency;
			package = B04271C32AAB915A0071F8BD /* XCRemoteSwiftPackageReference "RxDataSources" */;
			productName = RxDataSources;
		};
		B04271DE2AABA15C0071F8BD /* MBProgressHUD */ = {
			isa = XCSwiftPackageProductDependency;
			package = B04271DD2AABA15C0071F8BD /* XCRemoteSwiftPackageReference "MBProgressHUD" */;
			productName = MBProgressHUD;
		};
		B04271E82AABC7910071F8BD /* Kingfisher */ = {
			isa = XCSwiftPackageProductDependency;
			package = B04271E72AABC7910071F8BD /* XCRemoteSwiftPackageReference "Kingfisher" */;
			productName = Kingfisher;
		};
/* End XCSwiftPackageProductDependency section */
	};
	rootObject = B04271422AAB8D8C0071F8BD /* Project object */;
}
